
Microsoft Visual Studio Solution File, Format Version 12.00
# Visual Studio 15
VisualStudioVersion = 15.0.28307.645
MinimumVisualStudioVersion = 10.0.40219.1
Project("{8BC9CEB8-8B4A-11D0-8D11-00A0C91BC942}") = "mine_bomb", "mine_bomb\mine_bomb.vcxproj", "{A809767F-CBD6-4A85-9DD2-DAA50E3625FD}"
EndProject
Global
	GlobalSection(SolutionConfigurationPlatforms) = preSolution
		Debug|x64 = Debug|x64
		Debug|x86 = Debug|x86
		Release|x64 = Release|x64
		Release|x86 = Release|x86
	EndGlobalSection
	GlobalSection(ProjectConfigurationPlatforms) = postSolution
		{A809767F-CBD6-4A85-9DD2-DAA50E3625FD}.Debug|x64.ActiveCfg = Debug|x64
		{A809767F-CBD6-4A85-9DD2-DAA50E3625FD}.Debug|x64.Build.0 = Debug|x64
		{A809767F-CBD6-4A85-9DD2-DAA50E3625FD}.Debug|x86.ActiveCfg = Debug|Win32
		{A809767F-CBD6-4A85-9DD2-DAA50E3625FD}.Debug|x86.Build.0 = Debug|Win32
		{A809767F-CBD6-4A85-9DD2-DAA50E3625FD}.Release|x64.ActiveCfg = Release|x64
		{A809767F-CBD6-4A85-9DD2-DAA50E3625FD}.Release|x64.Build.0 = Release|x64
		{A809767F-CBD6-4A85-9DD2-DAA50E3625FD}.Release|x86.ActiveCfg = Release|Win32
		{A809767F-CBD6-4A85-9DD2-DAA50E3625FD}.Release|x86.Build.0 = Release|Win32
	EndGlobalSection
	GlobalSection(SolutionProperties) = preSolution
		HideSolutionNode = FALSE
	EndGlobalSection
	GlobalSection(ExtensibilityGlobals) = postSolution
		SolutionGuid = {F7E7D71A-C01F-4DA9-BB9B-03B4111384E0}
	EndGlobalSection
EndGlobal
